
Microsoft Visual Studio Solution File, Format Version 12.00
# Visual Studio Version 16
VisualStudioVersion = 16.0.30804.86
MinimumVisualStudioVersion = 10.0.40219.1
Project("{FAE04EC0-301F-11D3-BF4B-00C04F79EFBC}") = "Kutuphane", "Kutuphane.csproj", "{BD333297-9772-4724-8880-790832D15A03}"
EndProject
Global
	GlobalSection(SolutionConfigurationPlatforms) = preSolution
		Debug|Any CPU = Debug|Any CPU
		Release|Any CPU = Release|Any CPU
	EndGlobalSection
	GlobalSection(ProjectConfigurationPlatforms) = postSolution
		{BD333297-9772-4724-8880-790832D15A03}.Debug|Any CPU.ActiveCfg = Debug|Any CPU
		{BD333297-9772-4724-8880-790832D15A03}.Debug|Any CPU.Build.0 = Debug|Any CPU
		{BD333297-9772-4724-8880-790832D15A03}.Release|Any CPU.ActiveCfg = Release|Any CPU
		{BD333297-9772-4724-8880-790832D15A03}.Release|Any CPU.Build.0 = Release|Any CPU
	EndGlobalSection
	GlobalSection(SolutionProperties) = preSolution
		HideSolutionNode = FALSE
	EndGlobalSection
	GlobalSection(ExtensibilityGlobals) = postSolution
		SolutionGuid = {05AF7B56-4310-46AD-BB0D-444521B514CA}
	EndGlobalSection
EndGlobal
